
Microsoft Visual Studio Solution File, Format Version 12.00
# Visual Studio Version 17
VisualStudioVersion = 17.3.32825.248
MinimumVisualStudioVersion = 10.0.40219.1
Project("{FAE04EC0-301F-11D3-BF4B-00C04F79EFBC}") = "крестики-нолики", "крестики-нолики\крестики-нолики.csproj", "{1A4FDB57-26CF-4A42-99DB-27E1D0EF2633}"
EndProject
Global
	GlobalSection(SolutionConfigurationPlatforms) = preSolution
		Debug|Any CPU = Debug|Any CPU
		Release|Any CPU = Release|Any CPU
	EndGlobalSection
	GlobalSection(ProjectConfigurationPlatforms) = postSolution
		{1A4FDB57-26CF-4A42-99DB-27E1D0EF2633}.Debug|Any CPU.ActiveCfg = Debug|Any CPU
		{1A4FDB57-26CF-4A42-99DB-27E1D0EF2633}.Debug|Any CPU.Build.0 = Debug|Any CPU
		{1A4FDB57-26CF-4A42-99DB-27E1D0EF2633}.Release|Any CPU.ActiveCfg = Release|Any CPU
		{1A4FDB57-26CF-4A42-99DB-27E1D0EF2633}.Release|Any CPU.Build.0 = Release|Any CPU
	EndGlobalSection
	GlobalSection(SolutionProperties) = preSolution
		HideSolutionNode = FALSE
	EndGlobalSection
	GlobalSection(ExtensibilityGlobals) = postSolution
		SolutionGuid = {E6FDD71A-E243-4674-B042-407B34AFA53D}
	EndGlobalSection
EndGlobal
